
Microsoft Visual Studio Solution File, Format Version 12.00
# Visual Studio Version 16
VisualStudioVersion = 16.0.30002.166
MinimumVisualStudioVersion = 10.0.40219.1
Project("{FAE04EC0-301F-11D3-BF4B-00C04F79EFBC}") = "pr_46", "pr_46\pr_46.csproj", "{A45303FB-0936-469A-970F-DAFBF25D7F0A}"
EndProject
Global
	GlobalSection(SolutionConfigurationPlatforms) = preSolution
		Debug|Any CPU = Debug|Any CPU
		Release|Any CPU = Release|Any CPU
	EndGlobalSection
	GlobalSection(ProjectConfigurationPlatforms) = postSolution
		{A45303FB-0936-469A-970F-DAFBF25D7F0A}.Debug|Any CPU.ActiveCfg = Debug|Any CPU
		{A45303FB-0936-469A-970F-DAFBF25D7F0A}.Debug|Any CPU.Build.0 = Debug|Any CPU
		{A45303FB-0936-469A-970F-DAFBF25D7F0A}.Release|Any CPU.ActiveCfg = Release|Any CPU
		{A45303FB-0936-469A-970F-DAFBF25D7F0A}.Release|Any CPU.Build.0 = Release|Any CPU
	EndGlobalSection
	GlobalSection(SolutionProperties) = preSolution
		HideSolutionNode = FALSE
	EndGlobalSection
	GlobalSection(ExtensibilityGlobals) = postSolution
		SolutionGuid = {67DDD5B6-4FB7-483E-9B0E-EC1450D77666}
	EndGlobalSection
EndGlobal
